
Microsoft Visual Studio Solution File, Format Version 12.00
# Visual Studio 15
VisualStudioVersion = 15.0.26430.4
MinimumVisualStudioVersion = 10.0.40219.1
Project("{FAE04EC0-301F-11D3-BF4B-00C04F79EFBC}") = "DiffCalc", "DiffCalc\DiffCalc.csproj", "{CA9B6FA7-9A52-49E9-9387-22C82B0F8962}"
EndProject
Project("{FAE04EC0-301F-11D3-BF4B-00C04F79EFBC}") = "DifferenceEngine", "DifferenceEngine\DifferenceEngine.csproj", "{8AE4897A-EA74-49B1-BA55-D892C27AF9C9}"
EndProject
Project("{FAE04EC0-301F-11D3-BF4B-00C04F79EFBC}") = "XCoolForm", "XCoolForm\XCoolForm.csproj", "{3B25656A-0A6B-4B68-BF41-9D3C50387EA2}"
EndProject
Global
	GlobalSection(SolutionConfigurationPlatforms) = preSolution
		Debug|Any CPU = Debug|Any CPU
		Release|Any CPU = Release|Any CPU
	EndGlobalSection
	GlobalSection(ProjectConfigurationPlatforms) = postSolution
		{CA9B6FA7-9A52-49E9-9387-22C82B0F8962}.Debug|Any CPU.ActiveCfg = Debug|Any CPU
		{CA9B6FA7-9A52-49E9-9387-22C82B0F8962}.Debug|Any CPU.Build.0 = Debug|Any CPU
		{CA9B6FA7-9A52-49E9-9387-22C82B0F8962}.Release|Any CPU.ActiveCfg = Release|Any CPU
		{CA9B6FA7-9A52-49E9-9387-22C82B0F8962}.Release|Any CPU.Build.0 = Release|Any CPU
		{8AE4897A-EA74-49B1-BA55-D892C27AF9C9}.Debug|Any CPU.ActiveCfg = Debug|Any CPU
		{8AE4897A-EA74-49B1-BA55-D892C27AF9C9}.Debug|Any CPU.Build.0 = Debug|Any CPU
		{8AE4897A-EA74-49B1-BA55-D892C27AF9C9}.Release|Any CPU.ActiveCfg = Release|Any CPU
		{8AE4897A-EA74-49B1-BA55-D892C27AF9C9}.Release|Any CPU.Build.0 = Release|Any CPU
		{3B25656A-0A6B-4B68-BF41-9D3C50387EA2}.Debug|Any CPU.ActiveCfg = Debug|Any CPU
		{3B25656A-0A6B-4B68-BF41-9D3C50387EA2}.Debug|Any CPU.Build.0 = Debug|Any CPU
		{3B25656A-0A6B-4B68-BF41-9D3C50387EA2}.Release|Any CPU.ActiveCfg = Release|Any CPU
		{3B25656A-0A6B-4B68-BF41-9D3C50387EA2}.Release|Any CPU.Build.0 = Release|Any CPU
	EndGlobalSection
	GlobalSection(SolutionProperties) = preSolution
		HideSolutionNode = FALSE
	EndGlobalSection
EndGlobal
