
Microsoft Visual Studio Solution File, Format Version 12.00
# Visual Studio 15
VisualStudioVersion = 15.0.26430.6
MinimumVisualStudioVersion = 10.0.40219.1
Project("{FAE04EC0-301F-11D3-BF4B-00C04F79EFBC}") = "DifferenceEngine", "DifferenceEngine\DifferenceEngine.csproj", "{8AE4897A-EA74-49B1-BA55-D892C27AF9C9}"
EndProject
Project("{FAE04EC0-301F-11D3-BF4B-00C04F79EFBC}") = "DiffCalWin", "DiffCalWin\DiffCalWin.csproj", "{71EB51B6-3682-42D0-B492-2B456E76C0A5}"
EndProject
Global
	GlobalSection(SolutionConfigurationPlatforms) = preSolution
		Debug|Any CPU = Debug|Any CPU
		Release|Any CPU = Release|Any CPU
	EndGlobalSection
	GlobalSection(ProjectConfigurationPlatforms) = postSolution
		{8AE4897A-EA74-49B1-BA55-D892C27AF9C9}.Debug|Any CPU.ActiveCfg = Debug|Any CPU
		{8AE4897A-EA74-49B1-BA55-D892C27AF9C9}.Debug|Any CPU.Build.0 = Debug|Any CPU
		{8AE4897A-EA74-49B1-BA55-D892C27AF9C9}.Release|Any CPU.ActiveCfg = Release|Any CPU
		{8AE4897A-EA74-49B1-BA55-D892C27AF9C9}.Release|Any CPU.Build.0 = Release|Any CPU
		{71EB51B6-3682-42D0-B492-2B456E76C0A5}.Debug|Any CPU.ActiveCfg = Debug|Any CPU
		{71EB51B6-3682-42D0-B492-2B456E76C0A5}.Debug|Any CPU.Build.0 = Debug|Any CPU
		{71EB51B6-3682-42D0-B492-2B456E76C0A5}.Release|Any CPU.ActiveCfg = Release|Any CPU
		{71EB51B6-3682-42D0-B492-2B456E76C0A5}.Release|Any CPU.Build.0 = Release|Any CPU
	EndGlobalSection
	GlobalSection(SolutionProperties) = preSolution
		HideSolutionNode = FALSE
	EndGlobalSection
EndGlobal
